
Microsoft Visual Studio Solution File, Format Version 12.00
# Visual Studio Version 17
VisualStudioVersion = 17.6.33815.320
MinimumVisualStudioVersion = 10.0.40219.1
Project("{9A19103F-16F7-4668-BE54-9A1E7A4F7556}") = "ClassLibraryIS", "ClassLibraryIS\ClassLibraryIS.csproj", "{DE36FC40-19B5-4715-BF90-22DAC3A36505}"
EndProject
Project("{9A19103F-16F7-4668-BE54-9A1E7A4F7556}") = "ClassLibraryIS.Test", "ClassLibraryIS.Test\ClassLibraryIS.Test.csproj", "{C18C80F8-6517-42FC-B8D6-C23818F86809}"
EndProject
Project("{FAE04EC0-301F-11D3-BF4B-00C04F79EFBC}") = "TP2Gherkin.Test", "TP2Gherkin.Test\TP2Gherkin.Test.csproj", "{38950468-53B5-45EE-B26B-CAD03CADF150}"
EndProject
Global
	GlobalSection(SolutionConfigurationPlatforms) = preSolution
		Debug|Any CPU = Debug|Any CPU
		Release|Any CPU = Release|Any CPU
	EndGlobalSection
	GlobalSection(ProjectConfigurationPlatforms) = postSolution
		{DE36FC40-19B5-4715-BF90-22DAC3A36505}.Debug|Any CPU.ActiveCfg = Debug|Any CPU
		{DE36FC40-19B5-4715-BF90-22DAC3A36505}.Debug|Any CPU.Build.0 = Debug|Any CPU
		{DE36FC40-19B5-4715-BF90-22DAC3A36505}.Release|Any CPU.ActiveCfg = Release|Any CPU
		{DE36FC40-19B5-4715-BF90-22DAC3A36505}.Release|Any CPU.Build.0 = Release|Any CPU
		{C18C80F8-6517-42FC-B8D6-C23818F86809}.Debug|Any CPU.ActiveCfg = Debug|Any CPU
		{C18C80F8-6517-42FC-B8D6-C23818F86809}.Debug|Any CPU.Build.0 = Debug|Any CPU
		{C18C80F8-6517-42FC-B8D6-C23818F86809}.Release|Any CPU.ActiveCfg = Release|Any CPU
		{C18C80F8-6517-42FC-B8D6-C23818F86809}.Release|Any CPU.Build.0 = Release|Any CPU
		{38950468-53B5-45EE-B26B-CAD03CADF150}.Debug|Any CPU.ActiveCfg = Debug|Any CPU
		{38950468-53B5-45EE-B26B-CAD03CADF150}.Debug|Any CPU.Build.0 = Debug|Any CPU
		{38950468-53B5-45EE-B26B-CAD03CADF150}.Release|Any CPU.ActiveCfg = Release|Any CPU
		{38950468-53B5-45EE-B26B-CAD03CADF150}.Release|Any CPU.Build.0 = Release|Any CPU
	EndGlobalSection
	GlobalSection(SolutionProperties) = preSolution
		HideSolutionNode = FALSE
	EndGlobalSection
	GlobalSection(ExtensibilityGlobals) = postSolution
		SolutionGuid = {1BF7FC00-F60A-44CC-A269-1601F5657132}
	EndGlobalSection
EndGlobal
