
Microsoft Visual Studio Solution File, Format Version 12.00
# Visual Studio Version 17
VisualStudioVersion = 17.7.34221.43
MinimumVisualStudioVersion = 10.0.40219.1
Project("{9A19103F-16F7-4668-BE54-9A1E7A4F7556}") = "Domain", "Domain\Domain.csproj", "{906D3656-2B85-4FBA-A0FF-AF2294027AFC}"
EndProject
Project("{9A19103F-16F7-4668-BE54-9A1E7A4F7556}") = "Repositories", "Repositories\Repositories.csproj", "{C35C0EF0-DA93-4766-89F1-CF8596C9B6D8}"
EndProject
Project("{9A19103F-16F7-4668-BE54-9A1E7A4F7556}") = "Services", "Services\Services.csproj", "{C29F30A7-682F-4C37-9013-8F846FDDB925}"
EndProject
Project("{9A19103F-16F7-4668-BE54-9A1E7A4F7556}") = "SpecFlowTiendaSpecs", "SpecFlowTiendaSpecs\SpecFlowTiendaSpecs.csproj", "{43A17D21-4922-416A-AD2D-446A957F0922}"
EndProject
Project("{9A19103F-16F7-4668-BE54-9A1E7A4F7556}") = "TiendaTest", "TiendaTest\TiendaTest.csproj", "{D75D5DCD-C245-4A4E-82A7-1536C422C113}"
EndProject
Project("{FAE04EC0-301F-11D3-BF4B-00C04F79EFBC}") = "ReglaDescuentoConsigna", "ReglaDescuentoConsigna\ReglaDescuentoConsigna.csproj", "{78668893-CB3E-4316-B11B-DD5C6B144E17}"
EndProject
Project("{FAE04EC0-301F-11D3-BF4B-00C04F79EFBC}") = "ReglaDescuentoTest", "ReglaDescuentoTest\ReglaDescuentoTest.csproj", "{344BD2FB-AF1B-4166-AC85-7B00796566FE}"
EndProject
Global
	GlobalSection(SolutionConfigurationPlatforms) = preSolution
		Debug|Any CPU = Debug|Any CPU
		Release|Any CPU = Release|Any CPU
	EndGlobalSection
	GlobalSection(ProjectConfigurationPlatforms) = postSolution
		{906D3656-2B85-4FBA-A0FF-AF2294027AFC}.Debug|Any CPU.ActiveCfg = Debug|Any CPU
		{906D3656-2B85-4FBA-A0FF-AF2294027AFC}.Debug|Any CPU.Build.0 = Debug|Any CPU
		{906D3656-2B85-4FBA-A0FF-AF2294027AFC}.Release|Any CPU.ActiveCfg = Release|Any CPU
		{906D3656-2B85-4FBA-A0FF-AF2294027AFC}.Release|Any CPU.Build.0 = Release|Any CPU
		{C35C0EF0-DA93-4766-89F1-CF8596C9B6D8}.Debug|Any CPU.ActiveCfg = Debug|Any CPU
		{C35C0EF0-DA93-4766-89F1-CF8596C9B6D8}.Debug|Any CPU.Build.0 = Debug|Any CPU
		{C35C0EF0-DA93-4766-89F1-CF8596C9B6D8}.Release|Any CPU.ActiveCfg = Release|Any CPU
		{C35C0EF0-DA93-4766-89F1-CF8596C9B6D8}.Release|Any CPU.Build.0 = Release|Any CPU
		{C29F30A7-682F-4C37-9013-8F846FDDB925}.Debug|Any CPU.ActiveCfg = Debug|Any CPU
		{C29F30A7-682F-4C37-9013-8F846FDDB925}.Debug|Any CPU.Build.0 = Debug|Any CPU
		{C29F30A7-682F-4C37-9013-8F846FDDB925}.Release|Any CPU.ActiveCfg = Release|Any CPU
		{C29F30A7-682F-4C37-9013-8F846FDDB925}.Release|Any CPU.Build.0 = Release|Any CPU
		{43A17D21-4922-416A-AD2D-446A957F0922}.Debug|Any CPU.ActiveCfg = Debug|Any CPU
		{43A17D21-4922-416A-AD2D-446A957F0922}.Debug|Any CPU.Build.0 = Debug|Any CPU
		{43A17D21-4922-416A-AD2D-446A957F0922}.Release|Any CPU.ActiveCfg = Release|Any CPU
		{43A17D21-4922-416A-AD2D-446A957F0922}.Release|Any CPU.Build.0 = Release|Any CPU
		{D75D5DCD-C245-4A4E-82A7-1536C422C113}.Debug|Any CPU.ActiveCfg = Debug|Any CPU
		{D75D5DCD-C245-4A4E-82A7-1536C422C113}.Debug|Any CPU.Build.0 = Debug|Any CPU
		{D75D5DCD-C245-4A4E-82A7-1536C422C113}.Release|Any CPU.ActiveCfg = Release|Any CPU
		{D75D5DCD-C245-4A4E-82A7-1536C422C113}.Release|Any CPU.Build.0 = Release|Any CPU
		{78668893-CB3E-4316-B11B-DD5C6B144E17}.Debug|Any CPU.ActiveCfg = Debug|Any CPU
		{78668893-CB3E-4316-B11B-DD5C6B144E17}.Debug|Any CPU.Build.0 = Debug|Any CPU
		{78668893-CB3E-4316-B11B-DD5C6B144E17}.Release|Any CPU.ActiveCfg = Release|Any CPU
		{78668893-CB3E-4316-B11B-DD5C6B144E17}.Release|Any CPU.Build.0 = Release|Any CPU
		{344BD2FB-AF1B-4166-AC85-7B00796566FE}.Debug|Any CPU.ActiveCfg = Debug|Any CPU
		{344BD2FB-AF1B-4166-AC85-7B00796566FE}.Debug|Any CPU.Build.0 = Debug|Any CPU
		{344BD2FB-AF1B-4166-AC85-7B00796566FE}.Release|Any CPU.ActiveCfg = Release|Any CPU
		{344BD2FB-AF1B-4166-AC85-7B00796566FE}.Release|Any CPU.Build.0 = Release|Any CPU
	EndGlobalSection
	GlobalSection(SolutionProperties) = preSolution
		HideSolutionNode = FALSE
	EndGlobalSection
	GlobalSection(ExtensibilityGlobals) = postSolution
		SolutionGuid = {EF6EEB57-C4EA-48B4-83E4-643337CA3E06}
	EndGlobalSection
EndGlobal
